
Microsoft Visual Studio Solution File, Format Version 12.00
# Visual Studio 15
VisualStudioVersion = 15.0.26430.6
MinimumVisualStudioVersion = 10.0.40219.1
Project("{FAE04EC0-301F-11D3-BF4B-00C04F79EFBC}") = "SolveMeFirst", "SolveMeFirst\SolveMeFirst.csproj", "{02976005-0CAB-434A-874C-3BDBF26E5CA4}"
EndProject
Project("{FAE04EC0-301F-11D3-BF4B-00C04F79EFBC}") = "SimpleArraySum", "SimpleArraySum\SimpleArraySum.csproj", "{4A4C5DC2-34C7-4309-9646-40D9BB077AA1}"
EndProject
Project("{FAE04EC0-301F-11D3-BF4B-00C04F79EFBC}") = "CompareTheTriplets", "CompareTheTriplets\CompareTheTriplets.csproj", "{3EE19194-2E86-4EFB-9175-D4BE518263DE}"
EndProject
Project("{FAE04EC0-301F-11D3-BF4B-00C04F79EFBC}") = "AVeryBigSum", "AVeryBigSum\AVeryBigSum.csproj", "{9B6DC005-7C63-4271-AC52-45CB02AE42DD}"
EndProject
Project("{FAE04EC0-301F-11D3-BF4B-00C04F79EFBC}") = "DiagonalDifference", "DiagonalDifference\DiagonalDifference.csproj", "{19EE4C85-8DDA-466C-A2E8-0F7D15350E62}"
EndProject
Project("{FAE04EC0-301F-11D3-BF4B-00C04F79EFBC}") = "PlusMinus", "PlusMinus\PlusMinus.csproj", "{D44A8FF5-3DC8-469D-9B59-42F08F4BE018}"
EndProject
Project("{FAE04EC0-301F-11D3-BF4B-00C04F79EFBC}") = "Staircase", "Staircase\Staircase.csproj", "{AE614390-D88D-4DB6-A38C-2DC94A964739}"
EndProject
Project("{FAE04EC0-301F-11D3-BF4B-00C04F79EFBC}") = "MiniMaxSum", "MiniMaxSum\MiniMaxSum.csproj", "{735BCF3E-4437-4C96-8360-A2DDC2F19A21}"
EndProject
Project("{FAE04EC0-301F-11D3-BF4B-00C04F79EFBC}") = "BirthdayCakeCandles", "BirthdayCakeCandles\BirthdayCakeCandles.csproj", "{D7727CAC-45C7-45F9-9B67-12C3F8AA7E79}"
EndProject
Project("{FAE04EC0-301F-11D3-BF4B-00C04F79EFBC}") = "TimeConversion", "TimeConversion\TimeConversion.csproj", "{5F9757F4-AFD4-44C1-92D0-A30CCFEA753E}"
EndProject
Global
	GlobalSection(SolutionConfigurationPlatforms) = preSolution
		Debug|Any CPU = Debug|Any CPU
		Release|Any CPU = Release|Any CPU
	EndGlobalSection
	GlobalSection(ProjectConfigurationPlatforms) = postSolution
		{02976005-0CAB-434A-874C-3BDBF26E5CA4}.Debug|Any CPU.ActiveCfg = Debug|Any CPU
		{02976005-0CAB-434A-874C-3BDBF26E5CA4}.Debug|Any CPU.Build.0 = Debug|Any CPU
		{02976005-0CAB-434A-874C-3BDBF26E5CA4}.Release|Any CPU.ActiveCfg = Release|Any CPU
		{02976005-0CAB-434A-874C-3BDBF26E5CA4}.Release|Any CPU.Build.0 = Release|Any CPU
		{4A4C5DC2-34C7-4309-9646-40D9BB077AA1}.Debug|Any CPU.ActiveCfg = Debug|Any CPU
		{4A4C5DC2-34C7-4309-9646-40D9BB077AA1}.Debug|Any CPU.Build.0 = Debug|Any CPU
		{4A4C5DC2-34C7-4309-9646-40D9BB077AA1}.Release|Any CPU.ActiveCfg = Release|Any CPU
		{4A4C5DC2-34C7-4309-9646-40D9BB077AA1}.Release|Any CPU.Build.0 = Release|Any CPU
		{3EE19194-2E86-4EFB-9175-D4BE518263DE}.Debug|Any CPU.ActiveCfg = Debug|Any CPU
		{3EE19194-2E86-4EFB-9175-D4BE518263DE}.Debug|Any CPU.Build.0 = Debug|Any CPU
		{3EE19194-2E86-4EFB-9175-D4BE518263DE}.Release|Any CPU.ActiveCfg = Release|Any CPU
		{3EE19194-2E86-4EFB-9175-D4BE518263DE}.Release|Any CPU.Build.0 = Release|Any CPU
		{9B6DC005-7C63-4271-AC52-45CB02AE42DD}.Debug|Any CPU.ActiveCfg = Debug|Any CPU
		{9B6DC005-7C63-4271-AC52-45CB02AE42DD}.Debug|Any CPU.Build.0 = Debug|Any CPU
		{9B6DC005-7C63-4271-AC52-45CB02AE42DD}.Release|Any CPU.ActiveCfg = Release|Any CPU
		{9B6DC005-7C63-4271-AC52-45CB02AE42DD}.Release|Any CPU.Build.0 = Release|Any CPU
		{19EE4C85-8DDA-466C-A2E8-0F7D15350E62}.Debug|Any CPU.ActiveCfg = Debug|Any CPU
		{19EE4C85-8DDA-466C-A2E8-0F7D15350E62}.Debug|Any CPU.Build.0 = Debug|Any CPU
		{19EE4C85-8DDA-466C-A2E8-0F7D15350E62}.Release|Any CPU.ActiveCfg = Release|Any CPU
		{19EE4C85-8DDA-466C-A2E8-0F7D15350E62}.Release|Any CPU.Build.0 = Release|Any CPU
		{D44A8FF5-3DC8-469D-9B59-42F08F4BE018}.Debug|Any CPU.ActiveCfg = Debug|Any CPU
		{D44A8FF5-3DC8-469D-9B59-42F08F4BE018}.Debug|Any CPU.Build.0 = Debug|Any CPU
		{D44A8FF5-3DC8-469D-9B59-42F08F4BE018}.Release|Any CPU.ActiveCfg = Release|Any CPU
		{D44A8FF5-3DC8-469D-9B59-42F08F4BE018}.Release|Any CPU.Build.0 = Release|Any CPU
		{AE614390-D88D-4DB6-A38C-2DC94A964739}.Debug|Any CPU.ActiveCfg = Debug|Any CPU
		{AE614390-D88D-4DB6-A38C-2DC94A964739}.Debug|Any CPU.Build.0 = Debug|Any CPU
		{AE614390-D88D-4DB6-A38C-2DC94A964739}.Release|Any CPU.ActiveCfg = Release|Any CPU
		{AE614390-D88D-4DB6-A38C-2DC94A964739}.Release|Any CPU.Build.0 = Release|Any CPU
		{735BCF3E-4437-4C96-8360-A2DDC2F19A21}.Debug|Any CPU.ActiveCfg = Debug|Any CPU
		{735BCF3E-4437-4C96-8360-A2DDC2F19A21}.Debug|Any CPU.Build.0 = Debug|Any CPU
		{735BCF3E-4437-4C96-8360-A2DDC2F19A21}.Release|Any CPU.ActiveCfg = Release|Any CPU
		{735BCF3E-4437-4C96-8360-A2DDC2F19A21}.Release|Any CPU.Build.0 = Release|Any CPU
		{D7727CAC-45C7-45F9-9B67-12C3F8AA7E79}.Debug|Any CPU.ActiveCfg = Debug|Any CPU
		{D7727CAC-45C7-45F9-9B67-12C3F8AA7E79}.Debug|Any CPU.Build.0 = Debug|Any CPU
		{D7727CAC-45C7-45F9-9B67-12C3F8AA7E79}.Release|Any CPU.ActiveCfg = Release|Any CPU
		{D7727CAC-45C7-45F9-9B67-12C3F8AA7E79}.Release|Any CPU.Build.0 = Release|Any CPU
		{5F9757F4-AFD4-44C1-92D0-A30CCFEA753E}.Debug|Any CPU.ActiveCfg = Debug|Any CPU
		{5F9757F4-AFD4-44C1-92D0-A30CCFEA753E}.Debug|Any CPU.Build.0 = Debug|Any CPU
		{5F9757F4-AFD4-44C1-92D0-A30CCFEA753E}.Release|Any CPU.ActiveCfg = Release|Any CPU
		{5F9757F4-AFD4-44C1-92D0-A30CCFEA753E}.Release|Any CPU.Build.0 = Release|Any CPU
	EndGlobalSection
	GlobalSection(SolutionProperties) = preSolution
		HideSolutionNode = FALSE
	EndGlobalSection
EndGlobal
