
Microsoft Visual Studio Solution File, Format Version 12.00
# Visual Studio 15
VisualStudioVersion = 15.0.26430.6
MinimumVisualStudioVersion = 10.0.40219.1
Project("{FAE04EC0-301F-11D3-BF4B-00C04F79EFBC}") = "GradingStudents", "GradingStudents\GradingStudents.csproj", "{D38EB185-B07B-4DE3-B6E5-D18652F6A338}"
EndProject
Project("{FAE04EC0-301F-11D3-BF4B-00C04F79EFBC}") = "AppleAndOrange", "AppleAndOrange\AppleAndOrange.csproj", "{9C0FF991-E8C7-43CD-91F7-4A17A8C1957B}"
EndProject
Project("{FAE04EC0-301F-11D3-BF4B-00C04F79EFBC}") = "Kangaroo", "Kangaroo\Kangaroo.csproj", "{72FD5DDC-C7BE-48ED-9CE0-125FA1BB28AB}"
EndProject
Project("{FAE04EC0-301F-11D3-BF4B-00C04F79EFBC}") = "BetweenTwoSets", "BetweenTwoSets\BetweenTwoSets.csproj", "{46D85A85-E900-4955-91E0-539CC48B1C01}"
EndProject
Project("{FAE04EC0-301F-11D3-BF4B-00C04F79EFBC}") = "BreakingTheRecords", "BreakingTheRecords\BreakingTheRecords.csproj", "{3C430209-E247-4D19-B740-17F4D605492E}"
EndProject
Project("{FAE04EC0-301F-11D3-BF4B-00C04F79EFBC}") = "BirthdayChocolate", "BirthdayChocolate\BirthdayChocolate.csproj", "{3A4DF6AF-AF76-4C6D-93C3-D3138958325F}"
EndProject
Global
	GlobalSection(SolutionConfigurationPlatforms) = preSolution
		Debug|Any CPU = Debug|Any CPU
		Release|Any CPU = Release|Any CPU
	EndGlobalSection
	GlobalSection(ProjectConfigurationPlatforms) = postSolution
		{D38EB185-B07B-4DE3-B6E5-D18652F6A338}.Debug|Any CPU.ActiveCfg = Debug|Any CPU
		{D38EB185-B07B-4DE3-B6E5-D18652F6A338}.Debug|Any CPU.Build.0 = Debug|Any CPU
		{D38EB185-B07B-4DE3-B6E5-D18652F6A338}.Release|Any CPU.ActiveCfg = Release|Any CPU
		{D38EB185-B07B-4DE3-B6E5-D18652F6A338}.Release|Any CPU.Build.0 = Release|Any CPU
		{9C0FF991-E8C7-43CD-91F7-4A17A8C1957B}.Debug|Any CPU.ActiveCfg = Debug|Any CPU
		{9C0FF991-E8C7-43CD-91F7-4A17A8C1957B}.Debug|Any CPU.Build.0 = Debug|Any CPU
		{9C0FF991-E8C7-43CD-91F7-4A17A8C1957B}.Release|Any CPU.ActiveCfg = Release|Any CPU
		{9C0FF991-E8C7-43CD-91F7-4A17A8C1957B}.Release|Any CPU.Build.0 = Release|Any CPU
		{72FD5DDC-C7BE-48ED-9CE0-125FA1BB28AB}.Debug|Any CPU.ActiveCfg = Debug|Any CPU
		{72FD5DDC-C7BE-48ED-9CE0-125FA1BB28AB}.Debug|Any CPU.Build.0 = Debug|Any CPU
		{72FD5DDC-C7BE-48ED-9CE0-125FA1BB28AB}.Release|Any CPU.ActiveCfg = Release|Any CPU
		{72FD5DDC-C7BE-48ED-9CE0-125FA1BB28AB}.Release|Any CPU.Build.0 = Release|Any CPU
		{46D85A85-E900-4955-91E0-539CC48B1C01}.Debug|Any CPU.ActiveCfg = Debug|Any CPU
		{46D85A85-E900-4955-91E0-539CC48B1C01}.Debug|Any CPU.Build.0 = Debug|Any CPU
		{46D85A85-E900-4955-91E0-539CC48B1C01}.Release|Any CPU.ActiveCfg = Release|Any CPU
		{46D85A85-E900-4955-91E0-539CC48B1C01}.Release|Any CPU.Build.0 = Release|Any CPU
		{3C430209-E247-4D19-B740-17F4D605492E}.Debug|Any CPU.ActiveCfg = Debug|Any CPU
		{3C430209-E247-4D19-B740-17F4D605492E}.Debug|Any CPU.Build.0 = Debug|Any CPU
		{3C430209-E247-4D19-B740-17F4D605492E}.Release|Any CPU.ActiveCfg = Release|Any CPU
		{3C430209-E247-4D19-B740-17F4D605492E}.Release|Any CPU.Build.0 = Release|Any CPU
		{3A4DF6AF-AF76-4C6D-93C3-D3138958325F}.Debug|Any CPU.ActiveCfg = Debug|Any CPU
		{3A4DF6AF-AF76-4C6D-93C3-D3138958325F}.Debug|Any CPU.Build.0 = Debug|Any CPU
		{3A4DF6AF-AF76-4C6D-93C3-D3138958325F}.Release|Any CPU.ActiveCfg = Release|Any CPU
		{3A4DF6AF-AF76-4C6D-93C3-D3138958325F}.Release|Any CPU.Build.0 = Release|Any CPU
	EndGlobalSection
	GlobalSection(SolutionProperties) = preSolution
		HideSolutionNode = FALSE
	EndGlobalSection
EndGlobal
