
Microsoft Visual Studio Solution File, Format Version 12.00
# Visual Studio 15
VisualStudioVersion = 15.0.26430.6
MinimumVisualStudioVersion = 10.0.40219.1
Project("{FAE04EC0-301F-11D3-BF4B-00C04F79EFBC}") = "GradingStudents", "GradingStudents\GradingStudents.csproj", "{D38EB185-B07B-4DE3-B6E5-D18652F6A338}"
EndProject
Project("{FAE04EC0-301F-11D3-BF4B-00C04F79EFBC}") = "AppleAndOrange", "AppleAndOrange\AppleAndOrange.csproj", "{9C0FF991-E8C7-43CD-91F7-4A17A8C1957B}"
EndProject
Project("{FAE04EC0-301F-11D3-BF4B-00C04F79EFBC}") = "Kangaroo", "Kangaroo\Kangaroo.csproj", "{72FD5DDC-C7BE-48ED-9CE0-125FA1BB28AB}"
EndProject
Project("{FAE04EC0-301F-11D3-BF4B-00C04F79EFBC}") = "BetweenTwoSets", "BetweenTwoSets\BetweenTwoSets.csproj", "{46D85A85-E900-4955-91E0-539CC48B1C01}"
EndProject
Project("{FAE04EC0-301F-11D3-BF4B-00C04F79EFBC}") = "BreakingTheRecords", "BreakingTheRecords\BreakingTheRecords.csproj", "{3C430209-E247-4D19-B740-17F4D605492E}"
EndProject
Project("{FAE04EC0-301F-11D3-BF4B-00C04F79EFBC}") = "BirthdayChocolate", "BirthdayChocolate\BirthdayChocolate.csproj", "{3A4DF6AF-AF76-4C6D-93C3-D3138958325F}"
EndProject
Project("{FAE04EC0-301F-11D3-BF4B-00C04F79EFBC}") = "DivisibleSumPairs", "DivisibleSumPairs\DivisibleSumPairs.csproj", "{BFDC9809-D156-467B-A9D8-A94E83F8B38F}"
EndProject
Project("{FAE04EC0-301F-11D3-BF4B-00C04F79EFBC}") = "MigratoryBirds", "MigratoryBirds\MigratoryBirds.csproj", "{545A0F28-5D71-4CE9-B39E-DD67F0BD95CB}"
EndProject
Project("{FAE04EC0-301F-11D3-BF4B-00C04F79EFBC}") = "DayOfTheProgrammer", "DayOfTheProgrammer\DayOfTheProgrammer.csproj", "{6709F6A3-9667-4438-AA14-A68AA5B4E0CE}"
EndProject
Project("{FAE04EC0-301F-11D3-BF4B-00C04F79EFBC}") = "BonAppétit", "BonAppétit\BonAppétit.csproj", "{B5FADB0A-2604-4E49-979C-C016EFFCC92A}"
EndProject
Project("{FAE04EC0-301F-11D3-BF4B-00C04F79EFBC}") = "SockMerchant", "SockMerchant\SockMerchant.csproj", "{24EC78DB-534A-4D0B-91FF-58E02867B8D5}"
EndProject
Project("{FAE04EC0-301F-11D3-BF4B-00C04F79EFBC}") = "DrawingBook", "DrawingBook\DrawingBook.csproj", "{D187CF12-E862-4DE9-95A6-DA6ED2F7066B}"
EndProject
Project("{FAE04EC0-301F-11D3-BF4B-00C04F79EFBC}") = "CountingValleys", "CountingValleys\CountingValleys.csproj", "{AC71477C-8A2E-4639-8BFB-6539C3419B6A}"
EndProject
Project("{FAE04EC0-301F-11D3-BF4B-00C04F79EFBC}") = "ElectronicsShop", "ElectronicsShop\ElectronicsShop.csproj", "{05A993BA-8546-4780-B2F3-B018DBDE01EF}"
EndProject
Project("{FAE04EC0-301F-11D3-BF4B-00C04F79EFBC}") = "CatsAndAMouse", "CatsAndAMouse\CatsAndAMouse.csproj", "{4CF6BF26-E0CF-469C-9E7D-27E0187D5A56}"
EndProject
Project("{FAE04EC0-301F-11D3-BF4B-00C04F79EFBC}") = "FormingAMagicSquare", "FormingAMagicSquare\FormingAMagicSquare.csproj", "{769EBCD8-F18A-463C-AA0D-ADBCE509F5D8}"
EndProject
Project("{FAE04EC0-301F-11D3-BF4B-00C04F79EFBC}") = "PickingNumbers", "PickingNumbers\PickingNumbers.csproj", "{42AA0853-9E2A-4537-BBC9-30B409EA0714}"
EndProject
Project("{FAE04EC0-301F-11D3-BF4B-00C04F79EFBC}") = "ClimbingTheLeaderboard", "ClimbingTheLeaderboard\ClimbingTheLeaderboard.csproj", "{39B374E6-4AE2-44D9-960A-36B13EEF0ED3}"
EndProject
Project("{FAE04EC0-301F-11D3-BF4B-00C04F79EFBC}") = "TheHurdleRace", "TheHurdleRace\TheHurdleRace.csproj", "{E9009B50-8682-46FC-89F1-9A7BAAA9AD4D}"
EndProject
Project("{FAE04EC0-301F-11D3-BF4B-00C04F79EFBC}") = "DesignerPDFViewer", "DesignerPDFViewer\DesignerPDFViewer.csproj", "{08A836CA-85FF-4475-A4B7-A696130CEA47}"
EndProject
Project("{FAE04EC0-301F-11D3-BF4B-00C04F79EFBC}") = "UtopianTree", "UtopianTree\UtopianTree.csproj", "{FBFAAC3A-4D61-490C-8623-C9768856D163}"
EndProject
Project("{FAE04EC0-301F-11D3-BF4B-00C04F79EFBC}") = "AngryProfessor", "AngryProfessor\AngryProfessor.csproj", "{802B1499-6054-4054-8CE8-32377D0FE7CA}"
EndProject
Project("{FAE04EC0-301F-11D3-BF4B-00C04F79EFBC}") = "BeautifulDaysAtTheMovies", "BeautifulDaysAtTheMovies\BeautifulDaysAtTheMovies.csproj", "{F51C2E11-325F-4ADF-8C77-AF105979B806}"
EndProject
Project("{FAE04EC0-301F-11D3-BF4B-00C04F79EFBC}") = "ViralAdvertising", "ViralAdvertising\ViralAdvertising.csproj", "{A1DEAA29-6263-48A6-A3EB-38752A255DC4}"
EndProject
Project("{FAE04EC0-301F-11D3-BF4B-00C04F79EFBC}") = "SaveThePrisoner!", "SaveThePrisoner!\SaveThePrisoner!.csproj", "{6FA2177A-AB48-4D64-AC8C-16977D791A14}"
EndProject
Project("{FAE04EC0-301F-11D3-BF4B-00C04F79EFBC}") = "CircularArrayRotation", "CircularArrayRotation\CircularArrayRotation.csproj", "{D7A33B5D-3546-45AF-9020-BD718B81649F}"
EndProject
Project("{FAE04EC0-301F-11D3-BF4B-00C04F79EFBC}") = "SequenceEquation", "SequenceEquation\SequenceEquation.csproj", "{5E7C5DB8-EA86-432F-BA18-3216C4B4C099}"
EndProject
Project("{FAE04EC0-301F-11D3-BF4B-00C04F79EFBC}") = "JumpingOnTheCloudsRevisited", "JumpingOnTheCloudsRevisited\JumpingOnTheCloudsRevisited.csproj", "{FDB37324-2A85-4CCE-8276-3A137472D704}"
EndProject
Project("{FAE04EC0-301F-11D3-BF4B-00C04F79EFBC}") = "FindDigits", "FindDigits\FindDigits.csproj", "{9228F2C2-78D0-453E-BBB8-E5CE714778AB}"
EndProject
Project("{FAE04EC0-301F-11D3-BF4B-00C04F79EFBC}") = "ExtraLongFactorials", "ExtraLongFactorials\ExtraLongFactorials.csproj", "{D779CC1E-86B9-451F-B4F3-CFAB9817161F}"
EndProject
Project("{FAE04EC0-301F-11D3-BF4B-00C04F79EFBC}") = "AppendAndDelete", "AppendAndDelete\AppendAndDelete.csproj", "{DE5B08A4-7FE9-4FAC-BA2A-123DCA0B5A32}"
EndProject
Project("{FAE04EC0-301F-11D3-BF4B-00C04F79EFBC}") = "SherlockAndSquares", "SherlockAndSquares\SherlockAndSquares.csproj", "{D00CC4C2-3149-4BE0-B08A-61441A8ADCD7}"
EndProject
Project("{FAE04EC0-301F-11D3-BF4B-00C04F79EFBC}") = "LibraryFine", "LibraryFine\LibraryFine.csproj", "{AF00B652-4718-4785-899E-2AE85D5283B8}"
EndProject
Project("{FAE04EC0-301F-11D3-BF4B-00C04F79EFBC}") = "CutTheSticks", "CutTheSticks\CutTheSticks.csproj", "{68DDAEA0-023B-43BB-8E4D-8E84C034DF75}"
EndProject
Project("{FAE04EC0-301F-11D3-BF4B-00C04F79EFBC}") = "NonDivisibleSubset", "NonDivisibleSubset\NonDivisibleSubset.csproj", "{87C3093E-6DBE-4DD5-BCFB-14DC7B4C2069}"
EndProject
Project("{FAE04EC0-301F-11D3-BF4B-00C04F79EFBC}") = "RepeatedString", "RepeatedString\RepeatedString.csproj", "{D5B6C6B5-E193-4779-AC26-D1A70A7E2DFC}"
EndProject
Project("{FAE04EC0-301F-11D3-BF4B-00C04F79EFBC}") = "JumpingOnTheClouds", "JumpingOnTheClouds\JumpingOnTheClouds.csproj", "{16339ED1-D75B-4F71-94B0-05879F568D7F}"
EndProject
Project("{FAE04EC0-301F-11D3-BF4B-00C04F79EFBC}") = "EqualizeTheArray", "EqualizeTheArray\EqualizeTheArray.csproj", "{A755FB0C-D797-4CA6-867A-D9DE657ADC62}"
EndProject
Global
	GlobalSection(SolutionConfigurationPlatforms) = preSolution
		Debug|Any CPU = Debug|Any CPU
		Release|Any CPU = Release|Any CPU
	EndGlobalSection
	GlobalSection(ProjectConfigurationPlatforms) = postSolution
		{D38EB185-B07B-4DE3-B6E5-D18652F6A338}.Debug|Any CPU.ActiveCfg = Debug|Any CPU
		{D38EB185-B07B-4DE3-B6E5-D18652F6A338}.Debug|Any CPU.Build.0 = Debug|Any CPU
		{D38EB185-B07B-4DE3-B6E5-D18652F6A338}.Release|Any CPU.ActiveCfg = Release|Any CPU
		{D38EB185-B07B-4DE3-B6E5-D18652F6A338}.Release|Any CPU.Build.0 = Release|Any CPU
		{9C0FF991-E8C7-43CD-91F7-4A17A8C1957B}.Debug|Any CPU.ActiveCfg = Debug|Any CPU
		{9C0FF991-E8C7-43CD-91F7-4A17A8C1957B}.Debug|Any CPU.Build.0 = Debug|Any CPU
		{9C0FF991-E8C7-43CD-91F7-4A17A8C1957B}.Release|Any CPU.ActiveCfg = Release|Any CPU
		{9C0FF991-E8C7-43CD-91F7-4A17A8C1957B}.Release|Any CPU.Build.0 = Release|Any CPU
		{72FD5DDC-C7BE-48ED-9CE0-125FA1BB28AB}.Debug|Any CPU.ActiveCfg = Debug|Any CPU
		{72FD5DDC-C7BE-48ED-9CE0-125FA1BB28AB}.Debug|Any CPU.Build.0 = Debug|Any CPU
		{72FD5DDC-C7BE-48ED-9CE0-125FA1BB28AB}.Release|Any CPU.ActiveCfg = Release|Any CPU
		{72FD5DDC-C7BE-48ED-9CE0-125FA1BB28AB}.Release|Any CPU.Build.0 = Release|Any CPU
		{46D85A85-E900-4955-91E0-539CC48B1C01}.Debug|Any CPU.ActiveCfg = Debug|Any CPU
		{46D85A85-E900-4955-91E0-539CC48B1C01}.Debug|Any CPU.Build.0 = Debug|Any CPU
		{46D85A85-E900-4955-91E0-539CC48B1C01}.Release|Any CPU.ActiveCfg = Release|Any CPU
		{46D85A85-E900-4955-91E0-539CC48B1C01}.Release|Any CPU.Build.0 = Release|Any CPU
		{3C430209-E247-4D19-B740-17F4D605492E}.Debug|Any CPU.ActiveCfg = Debug|Any CPU
		{3C430209-E247-4D19-B740-17F4D605492E}.Debug|Any CPU.Build.0 = Debug|Any CPU
		{3C430209-E247-4D19-B740-17F4D605492E}.Release|Any CPU.ActiveCfg = Release|Any CPU
		{3C430209-E247-4D19-B740-17F4D605492E}.Release|Any CPU.Build.0 = Release|Any CPU
		{3A4DF6AF-AF76-4C6D-93C3-D3138958325F}.Debug|Any CPU.ActiveCfg = Debug|Any CPU
		{3A4DF6AF-AF76-4C6D-93C3-D3138958325F}.Debug|Any CPU.Build.0 = Debug|Any CPU
		{3A4DF6AF-AF76-4C6D-93C3-D3138958325F}.Release|Any CPU.ActiveCfg = Release|Any CPU
		{3A4DF6AF-AF76-4C6D-93C3-D3138958325F}.Release|Any CPU.Build.0 = Release|Any CPU
		{BFDC9809-D156-467B-A9D8-A94E83F8B38F}.Debug|Any CPU.ActiveCfg = Debug|Any CPU
		{BFDC9809-D156-467B-A9D8-A94E83F8B38F}.Debug|Any CPU.Build.0 = Debug|Any CPU
		{BFDC9809-D156-467B-A9D8-A94E83F8B38F}.Release|Any CPU.ActiveCfg = Release|Any CPU
		{BFDC9809-D156-467B-A9D8-A94E83F8B38F}.Release|Any CPU.Build.0 = Release|Any CPU
		{545A0F28-5D71-4CE9-B39E-DD67F0BD95CB}.Debug|Any CPU.ActiveCfg = Debug|Any CPU
		{545A0F28-5D71-4CE9-B39E-DD67F0BD95CB}.Debug|Any CPU.Build.0 = Debug|Any CPU
		{545A0F28-5D71-4CE9-B39E-DD67F0BD95CB}.Release|Any CPU.ActiveCfg = Release|Any CPU
		{545A0F28-5D71-4CE9-B39E-DD67F0BD95CB}.Release|Any CPU.Build.0 = Release|Any CPU
		{6709F6A3-9667-4438-AA14-A68AA5B4E0CE}.Debug|Any CPU.ActiveCfg = Debug|Any CPU
		{6709F6A3-9667-4438-AA14-A68AA5B4E0CE}.Debug|Any CPU.Build.0 = Debug|Any CPU
		{6709F6A3-9667-4438-AA14-A68AA5B4E0CE}.Release|Any CPU.ActiveCfg = Release|Any CPU
		{6709F6A3-9667-4438-AA14-A68AA5B4E0CE}.Release|Any CPU.Build.0 = Release|Any CPU
		{B5FADB0A-2604-4E49-979C-C016EFFCC92A}.Debug|Any CPU.ActiveCfg = Debug|Any CPU
		{B5FADB0A-2604-4E49-979C-C016EFFCC92A}.Debug|Any CPU.Build.0 = Debug|Any CPU
		{B5FADB0A-2604-4E49-979C-C016EFFCC92A}.Release|Any CPU.ActiveCfg = Release|Any CPU
		{B5FADB0A-2604-4E49-979C-C016EFFCC92A}.Release|Any CPU.Build.0 = Release|Any CPU
		{24EC78DB-534A-4D0B-91FF-58E02867B8D5}.Debug|Any CPU.ActiveCfg = Debug|Any CPU
		{24EC78DB-534A-4D0B-91FF-58E02867B8D5}.Debug|Any CPU.Build.0 = Debug|Any CPU
		{24EC78DB-534A-4D0B-91FF-58E02867B8D5}.Release|Any CPU.ActiveCfg = Release|Any CPU
		{24EC78DB-534A-4D0B-91FF-58E02867B8D5}.Release|Any CPU.Build.0 = Release|Any CPU
		{D187CF12-E862-4DE9-95A6-DA6ED2F7066B}.Debug|Any CPU.ActiveCfg = Debug|Any CPU
		{D187CF12-E862-4DE9-95A6-DA6ED2F7066B}.Debug|Any CPU.Build.0 = Debug|Any CPU
		{D187CF12-E862-4DE9-95A6-DA6ED2F7066B}.Release|Any CPU.ActiveCfg = Release|Any CPU
		{D187CF12-E862-4DE9-95A6-DA6ED2F7066B}.Release|Any CPU.Build.0 = Release|Any CPU
		{AC71477C-8A2E-4639-8BFB-6539C3419B6A}.Debug|Any CPU.ActiveCfg = Debug|Any CPU
		{AC71477C-8A2E-4639-8BFB-6539C3419B6A}.Debug|Any CPU.Build.0 = Debug|Any CPU
		{AC71477C-8A2E-4639-8BFB-6539C3419B6A}.Release|Any CPU.ActiveCfg = Release|Any CPU
		{AC71477C-8A2E-4639-8BFB-6539C3419B6A}.Release|Any CPU.Build.0 = Release|Any CPU
		{05A993BA-8546-4780-B2F3-B018DBDE01EF}.Debug|Any CPU.ActiveCfg = Debug|Any CPU
		{05A993BA-8546-4780-B2F3-B018DBDE01EF}.Debug|Any CPU.Build.0 = Debug|Any CPU
		{05A993BA-8546-4780-B2F3-B018DBDE01EF}.Release|Any CPU.ActiveCfg = Release|Any CPU
		{05A993BA-8546-4780-B2F3-B018DBDE01EF}.Release|Any CPU.Build.0 = Release|Any CPU
		{4CF6BF26-E0CF-469C-9E7D-27E0187D5A56}.Debug|Any CPU.ActiveCfg = Debug|Any CPU
		{4CF6BF26-E0CF-469C-9E7D-27E0187D5A56}.Debug|Any CPU.Build.0 = Debug|Any CPU
		{4CF6BF26-E0CF-469C-9E7D-27E0187D5A56}.Release|Any CPU.ActiveCfg = Release|Any CPU
		{4CF6BF26-E0CF-469C-9E7D-27E0187D5A56}.Release|Any CPU.Build.0 = Release|Any CPU
		{769EBCD8-F18A-463C-AA0D-ADBCE509F5D8}.Debug|Any CPU.ActiveCfg = Debug|Any CPU
		{769EBCD8-F18A-463C-AA0D-ADBCE509F5D8}.Debug|Any CPU.Build.0 = Debug|Any CPU
		{769EBCD8-F18A-463C-AA0D-ADBCE509F5D8}.Release|Any CPU.ActiveCfg = Release|Any CPU
		{769EBCD8-F18A-463C-AA0D-ADBCE509F5D8}.Release|Any CPU.Build.0 = Release|Any CPU
		{42AA0853-9E2A-4537-BBC9-30B409EA0714}.Debug|Any CPU.ActiveCfg = Debug|Any CPU
		{42AA0853-9E2A-4537-BBC9-30B409EA0714}.Debug|Any CPU.Build.0 = Debug|Any CPU
		{42AA0853-9E2A-4537-BBC9-30B409EA0714}.Release|Any CPU.ActiveCfg = Release|Any CPU
		{42AA0853-9E2A-4537-BBC9-30B409EA0714}.Release|Any CPU.Build.0 = Release|Any CPU
		{39B374E6-4AE2-44D9-960A-36B13EEF0ED3}.Debug|Any CPU.ActiveCfg = Debug|Any CPU
		{39B374E6-4AE2-44D9-960A-36B13EEF0ED3}.Debug|Any CPU.Build.0 = Debug|Any CPU
		{39B374E6-4AE2-44D9-960A-36B13EEF0ED3}.Release|Any CPU.ActiveCfg = Release|Any CPU
		{39B374E6-4AE2-44D9-960A-36B13EEF0ED3}.Release|Any CPU.Build.0 = Release|Any CPU
		{E9009B50-8682-46FC-89F1-9A7BAAA9AD4D}.Debug|Any CPU.ActiveCfg = Debug|Any CPU
		{E9009B50-8682-46FC-89F1-9A7BAAA9AD4D}.Debug|Any CPU.Build.0 = Debug|Any CPU
		{E9009B50-8682-46FC-89F1-9A7BAAA9AD4D}.Release|Any CPU.ActiveCfg = Release|Any CPU
		{E9009B50-8682-46FC-89F1-9A7BAAA9AD4D}.Release|Any CPU.Build.0 = Release|Any CPU
		{08A836CA-85FF-4475-A4B7-A696130CEA47}.Debug|Any CPU.ActiveCfg = Debug|Any CPU
		{08A836CA-85FF-4475-A4B7-A696130CEA47}.Debug|Any CPU.Build.0 = Debug|Any CPU
		{08A836CA-85FF-4475-A4B7-A696130CEA47}.Release|Any CPU.ActiveCfg = Release|Any CPU
		{08A836CA-85FF-4475-A4B7-A696130CEA47}.Release|Any CPU.Build.0 = Release|Any CPU
		{FBFAAC3A-4D61-490C-8623-C9768856D163}.Debug|Any CPU.ActiveCfg = Debug|Any CPU
		{FBFAAC3A-4D61-490C-8623-C9768856D163}.Debug|Any CPU.Build.0 = Debug|Any CPU
		{FBFAAC3A-4D61-490C-8623-C9768856D163}.Release|Any CPU.ActiveCfg = Release|Any CPU
		{FBFAAC3A-4D61-490C-8623-C9768856D163}.Release|Any CPU.Build.0 = Release|Any CPU
		{802B1499-6054-4054-8CE8-32377D0FE7CA}.Debug|Any CPU.ActiveCfg = Debug|Any CPU
		{802B1499-6054-4054-8CE8-32377D0FE7CA}.Debug|Any CPU.Build.0 = Debug|Any CPU
		{802B1499-6054-4054-8CE8-32377D0FE7CA}.Release|Any CPU.ActiveCfg = Release|Any CPU
		{802B1499-6054-4054-8CE8-32377D0FE7CA}.Release|Any CPU.Build.0 = Release|Any CPU
		{F51C2E11-325F-4ADF-8C77-AF105979B806}.Debug|Any CPU.ActiveCfg = Debug|Any CPU
		{F51C2E11-325F-4ADF-8C77-AF105979B806}.Debug|Any CPU.Build.0 = Debug|Any CPU
		{F51C2E11-325F-4ADF-8C77-AF105979B806}.Release|Any CPU.ActiveCfg = Release|Any CPU
		{F51C2E11-325F-4ADF-8C77-AF105979B806}.Release|Any CPU.Build.0 = Release|Any CPU
		{A1DEAA29-6263-48A6-A3EB-38752A255DC4}.Debug|Any CPU.ActiveCfg = Debug|Any CPU
		{A1DEAA29-6263-48A6-A3EB-38752A255DC4}.Debug|Any CPU.Build.0 = Debug|Any CPU
		{A1DEAA29-6263-48A6-A3EB-38752A255DC4}.Release|Any CPU.ActiveCfg = Release|Any CPU
		{A1DEAA29-6263-48A6-A3EB-38752A255DC4}.Release|Any CPU.Build.0 = Release|Any CPU
		{6FA2177A-AB48-4D64-AC8C-16977D791A14}.Debug|Any CPU.ActiveCfg = Debug|Any CPU
		{6FA2177A-AB48-4D64-AC8C-16977D791A14}.Debug|Any CPU.Build.0 = Debug|Any CPU
		{6FA2177A-AB48-4D64-AC8C-16977D791A14}.Release|Any CPU.ActiveCfg = Release|Any CPU
		{6FA2177A-AB48-4D64-AC8C-16977D791A14}.Release|Any CPU.Build.0 = Release|Any CPU
		{D7A33B5D-3546-45AF-9020-BD718B81649F}.Debug|Any CPU.ActiveCfg = Debug|Any CPU
		{D7A33B5D-3546-45AF-9020-BD718B81649F}.Debug|Any CPU.Build.0 = Debug|Any CPU
		{D7A33B5D-3546-45AF-9020-BD718B81649F}.Release|Any CPU.ActiveCfg = Release|Any CPU
		{D7A33B5D-3546-45AF-9020-BD718B81649F}.Release|Any CPU.Build.0 = Release|Any CPU
		{5E7C5DB8-EA86-432F-BA18-3216C4B4C099}.Debug|Any CPU.ActiveCfg = Debug|Any CPU
		{5E7C5DB8-EA86-432F-BA18-3216C4B4C099}.Debug|Any CPU.Build.0 = Debug|Any CPU
		{5E7C5DB8-EA86-432F-BA18-3216C4B4C099}.Release|Any CPU.ActiveCfg = Release|Any CPU
		{5E7C5DB8-EA86-432F-BA18-3216C4B4C099}.Release|Any CPU.Build.0 = Release|Any CPU
		{FDB37324-2A85-4CCE-8276-3A137472D704}.Debug|Any CPU.ActiveCfg = Debug|Any CPU
		{FDB37324-2A85-4CCE-8276-3A137472D704}.Debug|Any CPU.Build.0 = Debug|Any CPU
		{FDB37324-2A85-4CCE-8276-3A137472D704}.Release|Any CPU.ActiveCfg = Release|Any CPU
		{FDB37324-2A85-4CCE-8276-3A137472D704}.Release|Any CPU.Build.0 = Release|Any CPU
		{9228F2C2-78D0-453E-BBB8-E5CE714778AB}.Debug|Any CPU.ActiveCfg = Debug|Any CPU
		{9228F2C2-78D0-453E-BBB8-E5CE714778AB}.Debug|Any CPU.Build.0 = Debug|Any CPU
		{9228F2C2-78D0-453E-BBB8-E5CE714778AB}.Release|Any CPU.ActiveCfg = Release|Any CPU
		{9228F2C2-78D0-453E-BBB8-E5CE714778AB}.Release|Any CPU.Build.0 = Release|Any CPU
		{D779CC1E-86B9-451F-B4F3-CFAB9817161F}.Debug|Any CPU.ActiveCfg = Debug|Any CPU
		{D779CC1E-86B9-451F-B4F3-CFAB9817161F}.Debug|Any CPU.Build.0 = Debug|Any CPU
		{D779CC1E-86B9-451F-B4F3-CFAB9817161F}.Release|Any CPU.ActiveCfg = Release|Any CPU
		{D779CC1E-86B9-451F-B4F3-CFAB9817161F}.Release|Any CPU.Build.0 = Release|Any CPU
		{DE5B08A4-7FE9-4FAC-BA2A-123DCA0B5A32}.Debug|Any CPU.ActiveCfg = Debug|Any CPU
		{DE5B08A4-7FE9-4FAC-BA2A-123DCA0B5A32}.Debug|Any CPU.Build.0 = Debug|Any CPU
		{DE5B08A4-7FE9-4FAC-BA2A-123DCA0B5A32}.Release|Any CPU.ActiveCfg = Release|Any CPU
		{DE5B08A4-7FE9-4FAC-BA2A-123DCA0B5A32}.Release|Any CPU.Build.0 = Release|Any CPU
		{D00CC4C2-3149-4BE0-B08A-61441A8ADCD7}.Debug|Any CPU.ActiveCfg = Debug|Any CPU
		{D00CC4C2-3149-4BE0-B08A-61441A8ADCD7}.Debug|Any CPU.Build.0 = Debug|Any CPU
		{D00CC4C2-3149-4BE0-B08A-61441A8ADCD7}.Release|Any CPU.ActiveCfg = Release|Any CPU
		{D00CC4C2-3149-4BE0-B08A-61441A8ADCD7}.Release|Any CPU.Build.0 = Release|Any CPU
		{AF00B652-4718-4785-899E-2AE85D5283B8}.Debug|Any CPU.ActiveCfg = Debug|Any CPU
		{AF00B652-4718-4785-899E-2AE85D5283B8}.Debug|Any CPU.Build.0 = Debug|Any CPU
		{AF00B652-4718-4785-899E-2AE85D5283B8}.Release|Any CPU.ActiveCfg = Release|Any CPU
		{AF00B652-4718-4785-899E-2AE85D5283B8}.Release|Any CPU.Build.0 = Release|Any CPU
		{68DDAEA0-023B-43BB-8E4D-8E84C034DF75}.Debug|Any CPU.ActiveCfg = Debug|Any CPU
		{68DDAEA0-023B-43BB-8E4D-8E84C034DF75}.Debug|Any CPU.Build.0 = Debug|Any CPU
		{68DDAEA0-023B-43BB-8E4D-8E84C034DF75}.Release|Any CPU.ActiveCfg = Release|Any CPU
		{68DDAEA0-023B-43BB-8E4D-8E84C034DF75}.Release|Any CPU.Build.0 = Release|Any CPU
		{87C3093E-6DBE-4DD5-BCFB-14DC7B4C2069}.Debug|Any CPU.ActiveCfg = Debug|Any CPU
		{87C3093E-6DBE-4DD5-BCFB-14DC7B4C2069}.Debug|Any CPU.Build.0 = Debug|Any CPU
		{87C3093E-6DBE-4DD5-BCFB-14DC7B4C2069}.Release|Any CPU.ActiveCfg = Release|Any CPU
		{87C3093E-6DBE-4DD5-BCFB-14DC7B4C2069}.Release|Any CPU.Build.0 = Release|Any CPU
		{D5B6C6B5-E193-4779-AC26-D1A70A7E2DFC}.Debug|Any CPU.ActiveCfg = Debug|Any CPU
		{D5B6C6B5-E193-4779-AC26-D1A70A7E2DFC}.Debug|Any CPU.Build.0 = Debug|Any CPU
		{D5B6C6B5-E193-4779-AC26-D1A70A7E2DFC}.Release|Any CPU.ActiveCfg = Release|Any CPU
		{D5B6C6B5-E193-4779-AC26-D1A70A7E2DFC}.Release|Any CPU.Build.0 = Release|Any CPU
		{16339ED1-D75B-4F71-94B0-05879F568D7F}.Debug|Any CPU.ActiveCfg = Debug|Any CPU
		{16339ED1-D75B-4F71-94B0-05879F568D7F}.Debug|Any CPU.Build.0 = Debug|Any CPU
		{16339ED1-D75B-4F71-94B0-05879F568D7F}.Release|Any CPU.ActiveCfg = Release|Any CPU
		{16339ED1-D75B-4F71-94B0-05879F568D7F}.Release|Any CPU.Build.0 = Release|Any CPU
		{A755FB0C-D797-4CA6-867A-D9DE657ADC62}.Debug|Any CPU.ActiveCfg = Debug|Any CPU
		{A755FB0C-D797-4CA6-867A-D9DE657ADC62}.Debug|Any CPU.Build.0 = Debug|Any CPU
		{A755FB0C-D797-4CA6-867A-D9DE657ADC62}.Release|Any CPU.ActiveCfg = Release|Any CPU
		{A755FB0C-D797-4CA6-867A-D9DE657ADC62}.Release|Any CPU.Build.0 = Release|Any CPU
	EndGlobalSection
	GlobalSection(SolutionProperties) = preSolution
		HideSolutionNode = FALSE
	EndGlobalSection
EndGlobal
