
Microsoft Visual Studio Solution File, Format Version 12.00
# Visual Studio 15
VisualStudioVersion = 15.0.26430.6
MinimumVisualStudioVersion = 10.0.40219.1
Project("{FAE04EC0-301F-11D3-BF4B-00C04F79EFBC}") = "SuperReducedString", "SuperReducedString\SuperReducedString.csproj", "{0AC9A39F-C267-4D77-8C6A-167CE3259F45}"
EndProject
Project("{FAE04EC0-301F-11D3-BF4B-00C04F79EFBC}") = "CamelCase", "CamelCase\CamelCase.csproj", "{4220CC13-46C6-431C-B94A-DFBA4B615B0F}"
EndProject
Project("{FAE04EC0-301F-11D3-BF4B-00C04F79EFBC}") = "MarsExploration", "MarsExploration\MarsExploration.csproj", "{2FDCB28C-F907-4D2A-810C-95958C3FEAF1}"
EndProject
Project("{FAE04EC0-301F-11D3-BF4B-00C04F79EFBC}") = "Pangrams", "Pangrams\Pangrams.csproj", "{4A1ED8E1-FC55-4D18-8C5F-5180E4FB7200}"
EndProject
Project("{FAE04EC0-301F-11D3-BF4B-00C04F79EFBC}") = "AlternatingCharacters", "AlternatingCharacters\AlternatingCharacters.csproj", "{D614B6DB-82DD-49CA-ABB3-B1326E739766}"
EndProject
Project("{FAE04EC0-301F-11D3-BF4B-00C04F79EFBC}") = "BeautifulBinaryString", "BeautifulBinaryString\BeautifulBinaryString.csproj", "{8E491683-82A3-4B16-B595-29AEF51ED8B8}"
EndProject
Project("{FAE04EC0-301F-11D3-BF4B-00C04F79EFBC}") = "FunnyString", "FunnyString\FunnyString.csproj", "{0FFFE420-F6E0-4F63-914D-EA1AF2618BF2}"
EndProject
Project("{FAE04EC0-301F-11D3-BF4B-00C04F79EFBC}") = "GameOfThrones-I", "GameOfThrones-I\GameOfThrones-I.csproj", "{7C4960C8-9FC3-440D-970B-A70D9F7B652E}"
EndProject
Project("{FAE04EC0-301F-11D3-BF4B-00C04F79EFBC}") = "The Love-LetterMystery", "The Love-LetterMystery\The Love-LetterMystery.csproj", "{0A0A583B-AD5D-48F2-BA82-E3005B182399}"
EndProject
Project("{FAE04EC0-301F-11D3-BF4B-00C04F79EFBC}") = "StringConstruction", "StringConstruction\StringConstruction.csproj", "{C40E4E07-9164-4D4A-9A17-97D50AAF909D}"
EndProject
Project("{FAE04EC0-301F-11D3-BF4B-00C04F79EFBC}") = "HackerRankInAString!", "HackerRankInAString!\HackerRankInAString!.csproj", "{F968C1D2-DD13-4D1C-BCF2-6EDF523890D8}"
EndProject
Project("{FAE04EC0-301F-11D3-BF4B-00C04F79EFBC}") = "Gemstones", "Gemstones\Gemstones.csproj", "{30F6FFA4-D7D8-43AA-8D75-732D03828AA1}"
EndProject
Global
	GlobalSection(SolutionConfigurationPlatforms) = preSolution
		Debug|Any CPU = Debug|Any CPU
		Release|Any CPU = Release|Any CPU
	EndGlobalSection
	GlobalSection(ProjectConfigurationPlatforms) = postSolution
		{0AC9A39F-C267-4D77-8C6A-167CE3259F45}.Debug|Any CPU.ActiveCfg = Debug|Any CPU
		{0AC9A39F-C267-4D77-8C6A-167CE3259F45}.Debug|Any CPU.Build.0 = Debug|Any CPU
		{0AC9A39F-C267-4D77-8C6A-167CE3259F45}.Release|Any CPU.ActiveCfg = Release|Any CPU
		{0AC9A39F-C267-4D77-8C6A-167CE3259F45}.Release|Any CPU.Build.0 = Release|Any CPU
		{4220CC13-46C6-431C-B94A-DFBA4B615B0F}.Debug|Any CPU.ActiveCfg = Debug|Any CPU
		{4220CC13-46C6-431C-B94A-DFBA4B615B0F}.Debug|Any CPU.Build.0 = Debug|Any CPU
		{4220CC13-46C6-431C-B94A-DFBA4B615B0F}.Release|Any CPU.ActiveCfg = Release|Any CPU
		{4220CC13-46C6-431C-B94A-DFBA4B615B0F}.Release|Any CPU.Build.0 = Release|Any CPU
		{2FDCB28C-F907-4D2A-810C-95958C3FEAF1}.Debug|Any CPU.ActiveCfg = Debug|Any CPU
		{2FDCB28C-F907-4D2A-810C-95958C3FEAF1}.Debug|Any CPU.Build.0 = Debug|Any CPU
		{2FDCB28C-F907-4D2A-810C-95958C3FEAF1}.Release|Any CPU.ActiveCfg = Release|Any CPU
		{2FDCB28C-F907-4D2A-810C-95958C3FEAF1}.Release|Any CPU.Build.0 = Release|Any CPU
		{4A1ED8E1-FC55-4D18-8C5F-5180E4FB7200}.Debug|Any CPU.ActiveCfg = Debug|Any CPU
		{4A1ED8E1-FC55-4D18-8C5F-5180E4FB7200}.Debug|Any CPU.Build.0 = Debug|Any CPU
		{4A1ED8E1-FC55-4D18-8C5F-5180E4FB7200}.Release|Any CPU.ActiveCfg = Release|Any CPU
		{4A1ED8E1-FC55-4D18-8C5F-5180E4FB7200}.Release|Any CPU.Build.0 = Release|Any CPU
		{D614B6DB-82DD-49CA-ABB3-B1326E739766}.Debug|Any CPU.ActiveCfg = Debug|Any CPU
		{D614B6DB-82DD-49CA-ABB3-B1326E739766}.Debug|Any CPU.Build.0 = Debug|Any CPU
		{D614B6DB-82DD-49CA-ABB3-B1326E739766}.Release|Any CPU.ActiveCfg = Release|Any CPU
		{D614B6DB-82DD-49CA-ABB3-B1326E739766}.Release|Any CPU.Build.0 = Release|Any CPU
		{8E491683-82A3-4B16-B595-29AEF51ED8B8}.Debug|Any CPU.ActiveCfg = Debug|Any CPU
		{8E491683-82A3-4B16-B595-29AEF51ED8B8}.Debug|Any CPU.Build.0 = Debug|Any CPU
		{8E491683-82A3-4B16-B595-29AEF51ED8B8}.Release|Any CPU.ActiveCfg = Release|Any CPU
		{8E491683-82A3-4B16-B595-29AEF51ED8B8}.Release|Any CPU.Build.0 = Release|Any CPU
		{0FFFE420-F6E0-4F63-914D-EA1AF2618BF2}.Debug|Any CPU.ActiveCfg = Debug|Any CPU
		{0FFFE420-F6E0-4F63-914D-EA1AF2618BF2}.Debug|Any CPU.Build.0 = Debug|Any CPU
		{0FFFE420-F6E0-4F63-914D-EA1AF2618BF2}.Release|Any CPU.ActiveCfg = Release|Any CPU
		{0FFFE420-F6E0-4F63-914D-EA1AF2618BF2}.Release|Any CPU.Build.0 = Release|Any CPU
		{7C4960C8-9FC3-440D-970B-A70D9F7B652E}.Debug|Any CPU.ActiveCfg = Debug|Any CPU
		{7C4960C8-9FC3-440D-970B-A70D9F7B652E}.Debug|Any CPU.Build.0 = Debug|Any CPU
		{7C4960C8-9FC3-440D-970B-A70D9F7B652E}.Release|Any CPU.ActiveCfg = Release|Any CPU
		{7C4960C8-9FC3-440D-970B-A70D9F7B652E}.Release|Any CPU.Build.0 = Release|Any CPU
		{0A0A583B-AD5D-48F2-BA82-E3005B182399}.Debug|Any CPU.ActiveCfg = Debug|Any CPU
		{0A0A583B-AD5D-48F2-BA82-E3005B182399}.Debug|Any CPU.Build.0 = Debug|Any CPU
		{0A0A583B-AD5D-48F2-BA82-E3005B182399}.Release|Any CPU.ActiveCfg = Release|Any CPU
		{0A0A583B-AD5D-48F2-BA82-E3005B182399}.Release|Any CPU.Build.0 = Release|Any CPU
		{C40E4E07-9164-4D4A-9A17-97D50AAF909D}.Debug|Any CPU.ActiveCfg = Debug|Any CPU
		{C40E4E07-9164-4D4A-9A17-97D50AAF909D}.Debug|Any CPU.Build.0 = Debug|Any CPU
		{C40E4E07-9164-4D4A-9A17-97D50AAF909D}.Release|Any CPU.ActiveCfg = Release|Any CPU
		{C40E4E07-9164-4D4A-9A17-97D50AAF909D}.Release|Any CPU.Build.0 = Release|Any CPU
		{F968C1D2-DD13-4D1C-BCF2-6EDF523890D8}.Debug|Any CPU.ActiveCfg = Debug|Any CPU
		{F968C1D2-DD13-4D1C-BCF2-6EDF523890D8}.Debug|Any CPU.Build.0 = Debug|Any CPU
		{F968C1D2-DD13-4D1C-BCF2-6EDF523890D8}.Release|Any CPU.ActiveCfg = Release|Any CPU
		{F968C1D2-DD13-4D1C-BCF2-6EDF523890D8}.Release|Any CPU.Build.0 = Release|Any CPU
		{30F6FFA4-D7D8-43AA-8D75-732D03828AA1}.Debug|Any CPU.ActiveCfg = Debug|Any CPU
		{30F6FFA4-D7D8-43AA-8D75-732D03828AA1}.Debug|Any CPU.Build.0 = Debug|Any CPU
		{30F6FFA4-D7D8-43AA-8D75-732D03828AA1}.Release|Any CPU.ActiveCfg = Release|Any CPU
		{30F6FFA4-D7D8-43AA-8D75-732D03828AA1}.Release|Any CPU.Build.0 = Release|Any CPU
	EndGlobalSection
	GlobalSection(SolutionProperties) = preSolution
		HideSolutionNode = FALSE
	EndGlobalSection
EndGlobal
